// !$*UTF8*$!
{
	archiveVersion = 1;
	classes = {
	};
	objectVersion = 55;
	objects = {

/* Begin PBXBuildFile section */
		170744552871CBBD0055ADA2 /* APIServiceProtocol.swift in Sources */ = {isa = PBXBuildFile; fileRef = 170744542871CBBD0055ADA2 /* APIServiceProtocol.swift */; };
		172B2FB0286FCE0D00740CCB /* CatCheckerApp.swift in Sources */ = {isa = PBXBuildFile; fileRef = 172B2FAF286FCE0D00740CCB /* CatCheckerApp.swift */; };
		172B2FB2286FCE0D00740CCB /* ContentView.swift in Sources */ = {isa = PBXBuildFile; fileRef = 172B2FB1286FCE0D00740CCB /* ContentView.swift */; };
		172B2FB4286FCE0F00740CCB /* Assets.xcassets in Resources */ = {isa = PBXBuildFile; fileRef = 172B2FB3286FCE0F00740CCB /* Assets.xcassets */; };
		172B2FB7286FCE0F00740CCB /* Preview Assets.xcassets in Resources */ = {isa = PBXBuildFile; fileRef = 172B2FB6286FCE0F00740CCB /* Preview Assets.xcassets */; };
		172B2FC228704CF000740CCB /* JSON-Model.swift in Sources */ = {isa = PBXBuildFile; fileRef = 172B2FC128704CF000740CCB /* JSON-Model.swift */; };
		172B2FC528704D2000740CCB /* BreedFetcher.swift in Sources */ = {isa = PBXBuildFile; fileRef = 172B2FC428704D2000740CCB /* BreedFetcher.swift */; };
		172B2FC72870593500740CCB /* ErrorView.swift in Sources */ = {isa = PBXBuildFile; fileRef = 172B2FC62870593500740CCB /* ErrorView.swift */; };
		172B2FC92870593E00740CCB /* LoadingView.swift in Sources */ = {isa = PBXBuildFile; fileRef = 172B2FC82870593E00740CCB /* LoadingView.swift */; };
		172B2FCB2870595D00740CCB /* SuccessView.swift in Sources */ = {isa = PBXBuildFile; fileRef = 172B2FCA2870595D00740CCB /* SuccessView.swift */; };
		172B2FCD28705BAF00740CCB /* ButtonTryAgainViewAPI.swift in Sources */ = {isa = PBXBuildFile; fileRef = 172B2FCC28705BAE00740CCB /* ButtonTryAgainViewAPI.swift */; };
		172B2FCF28705CE700740CCB /* DetailsView.swift in Sources */ = {isa = PBXBuildFile; fileRef = 172B2FCE28705CE700740CCB /* DetailsView.swift */; };
		172B2FD128705D1300740CCB /* LabelView.swift in Sources */ = {isa = PBXBuildFile; fileRef = 172B2FD028705D1300740CCB /* LabelView.swift */; };
		172B2FD3287063DB00740CCB /* APIService.swift in Sources */ = {isa = PBXBuildFile; fileRef = 172B2FD2287063DA00740CCB /* APIService.swift */; };
		172B2FD5287063E700740CCB /* APIError.swift in Sources */ = {isa = PBXBuildFile; fileRef = 172B2FD4287063E700740CCB /* APIError.swift */; };
		17E31B34292A591B0053F7D9 /* APIMockService.swift in Sources */ = {isa = PBXBuildFile; fileRef = 17E31B33292A591B0053F7D9 /* APIMockService.swift */; };
		17E31B3C292A59CD0053F7D9 /* CatCheckerTests.swift in Sources */ = {isa = PBXBuildFile; fileRef = 17E31B3B292A59CD0053F7D9 /* CatCheckerTests.swift */; };
/* End PBXBuildFile section */

/* Begin PBXContainerItemProxy section */
		17E31B3D292A59CD0053F7D9 /* PBXContainerItemProxy */ = {
			isa = PBXContainerItemProxy;
			containerPortal = 172B2FA4286FCE0D00740CCB /* Project object */;
			proxyType = 1;
			remoteGlobalIDString = 172B2FAB286FCE0D00740CCB;
			remoteInfo = CatChecker;
		};
/* End PBXContainerItemProxy section */

/* Begin PBXFileReference section */
		170744542871CBBD0055ADA2 /* APIServiceProtocol.swift */ = {isa = PBXFileReference; lastKnownFileType = sourcecode.swift; path = APIServiceProtocol.swift; sourceTree = "<group>"; };
		172B2FAC286FCE0D00740CCB /* CatChecker.app */ = {isa = PBXFileReference; explicitFileType = wrapper.application; includeInIndex = 0; path = CatChecker.app; sourceTree = BUILT_PRODUCTS_DIR; };
		172B2FAF286FCE0D00740CCB /* CatCheckerApp.swift */ = {isa = PBXFileReference; lastKnownFileType = sourcecode.swift; path = CatCheckerApp.swift; sourceTree = "<group>"; };
		172B2FB1286FCE0D00740CCB /* ContentView.swift */ = {isa = PBXFileReference; lastKnownFileType = sourcecode.swift; path = ContentView.swift; sourceTree = "<group>"; };
		172B2FB3286FCE0F00740CCB /* Assets.xcassets */ = {isa = PBXFileReference; lastKnownFileType = folder.assetcatalog; path = Assets.xcassets; sourceTree = "<group>"; };
		172B2FB6286FCE0F00740CCB /* Preview Assets.xcassets */ = {isa = PBXFileReference; lastKnownFileType = folder.assetcatalog; path = "Preview Assets.xcassets"; sourceTree = "<group>"; };
		172B2FC128704CF000740CCB /* JSON-Model.swift */ = {isa = PBXFileReference; lastKnownFileType = sourcecode.swift; path = "JSON-Model.swift"; sourceTree = "<group>"; };
		172B2FC428704D2000740CCB /* BreedFetcher.swift */ = {isa = PBXFileReference; lastKnownFileType = sourcecode.swift; path = BreedFetcher.swift; sourceTree = "<group>"; };
		172B2FC62870593500740CCB /* ErrorView.swift */ = {isa = PBXFileReference; lastKnownFileType = sourcecode.swift; path = ErrorView.swift; sourceTree = "<group>"; };
		172B2FC82870593E00740CCB /* LoadingView.swift */ = {isa = PBXFileReference; lastKnownFileType = sourcecode.swift; path = LoadingView.swift; sourceTree = "<group>"; };
		172B2FCA2870595D00740CCB /* SuccessView.swift */ = {isa = PBXFileReference; lastKnownFileType = sourcecode.swift; path = SuccessView.swift; sourceTree = "<group>"; };
		172B2FCC28705BAE00740CCB /* ButtonTryAgainViewAPI.swift */ = {isa = PBXFileReference; lastKnownFileType = sourcecode.swift; path = ButtonTryAgainViewAPI.swift; sourceTree = "<group>"; };
		172B2FCE28705CE700740CCB /* DetailsView.swift */ = {isa = PBXFileReference; lastKnownFileType = sourcecode.swift; path = DetailsView.swift; sourceTree = "<group>"; };
		172B2FD028705D1300740CCB /* LabelView.swift */ = {isa = PBXFileReference; lastKnownFileType = sourcecode.swift; path = LabelView.swift; sourceTree = "<group>"; };
		172B2FD2287063DA00740CCB /* APIService.swift */ = {isa = PBXFileReference; lastKnownFileType = sourcecode.swift; path = APIService.swift; sourceTree = "<group>"; };
		172B2FD4287063E700740CCB /* APIError.swift */ = {isa = PBXFileReference; lastKnownFileType = sourcecode.swift; path = APIError.swift; sourceTree = "<group>"; };
		17E31B33292A591B0053F7D9 /* APIMockService.swift */ = {isa = PBXFileReference; lastKnownFileType = sourcecode.swift; path = APIMockService.swift; sourceTree = "<group>"; };
		17E31B39292A59CD0053F7D9 /* CatCheckerTests.xctest */ = {isa = PBXFileReference; explicitFileType = wrapper.cfbundle; includeInIndex = 0; path = CatCheckerTests.xctest; sourceTree = BUILT_PRODUCTS_DIR; };
		17E31B3B292A59CD0053F7D9 /* CatCheckerTests.swift */ = {isa = PBXFileReference; lastKnownFileType = sourcecode.swift; path = CatCheckerTests.swift; sourceTree = "<group>"; };
/* End PBXFileReference section */

/* Begin PBXFrameworksBuildPhase section */
		172B2FA9286FCE0D00740CCB /* Frameworks */ = {
			isa = PBXFrameworksBuildPhase;
			buildActionMask = 2147483647;
			files = (
			);
			runOnlyForDeploymentPostprocessing = 0;
		};
		17E31B36292A59CD0053F7D9 /* Frameworks */ = {
			isa = PBXFrameworksBuildPhase;
			buildActionMask = 2147483647;
			files = (
			);
			runOnlyForDeploymentPostprocessing = 0;
		};
/* End PBXFrameworksBuildPhase section */

/* Begin PBXGroup section */
		172B2FA3286FCE0D00740CCB = {
			isa = PBXGroup;
			children = (
				172B2FAE286FCE0D00740CCB /* CatChecker */,
				17E31B3A292A59CD0053F7D9 /* CatCheckerTests */,
				172B2FAD286FCE0D00740CCB /* Products */,
			);
			sourceTree = "<group>";
		};
		172B2FAD286FCE0D00740CCB /* Products */ = {
			isa = PBXGroup;
			children = (
				172B2FAC286FCE0D00740CCB /* CatChecker.app */,
				17E31B39292A59CD0053F7D9 /* CatCheckerTests.xctest */,
			);
			name = Products;
			sourceTree = "<group>";
		};
		172B2FAE286FCE0D00740CCB /* CatChecker */ = {
			isa = PBXGroup;
			children = (
				172B2FAF286FCE0D00740CCB /* CatCheckerApp.swift */,
				172B2FB1286FCE0D00740CCB /* ContentView.swift */,
				172B2FCA2870595D00740CCB /* SuccessView.swift */,
				172B2FC82870593E00740CCB /* LoadingView.swift */,
				172B2FC62870593500740CCB /* ErrorView.swift */,
				172B2FCE28705CE700740CCB /* DetailsView.swift */,
				172B2FD028705D1300740CCB /* LabelView.swift */,
				172B2FCC28705BAE00740CCB /* ButtonTryAgainViewAPI.swift */,
				172B2FC128704CF000740CCB /* JSON-Model.swift */,
				172B2FC328704D0C00740CCB /* networking */,
				172B2FB3286FCE0F00740CCB /* Assets.xcassets */,
				172B2FB5286FCE0F00740CCB /* Preview Content */,
			);
			path = CatChecker;
			sourceTree = "<group>";
		};
		172B2FB5286FCE0F00740CCB /* Preview Content */ = {
			isa = PBXGroup;
			children = (
				172B2FB6286FCE0F00740CCB /* Preview Assets.xcassets */,
			);
			path = "Preview Content";
			sourceTree = "<group>";
		};
		172B2FC328704D0C00740CCB /* networking */ = {
			isa = PBXGroup;
			children = (
				172B2FC428704D2000740CCB /* BreedFetcher.swift */,
				172B2FD2287063DA00740CCB /* APIService.swift */,
				17E31B33292A591B0053F7D9 /* APIMockService.swift */,
				170744542871CBBD0055ADA2 /* APIServiceProtocol.swift */,
				172B2FD4287063E700740CCB /* APIError.swift */,
			);
			path = networking;
			sourceTree = "<group>";
		};
		17E31B3A292A59CD0053F7D9 /* CatCheckerTests */ = {
			isa = PBXGroup;
			children = (
				17E31B3B292A59CD0053F7D9 /* CatCheckerTests.swift */,
			);
			path = CatCheckerTests;
			sourceTree = "<group>";
		};
/* End PBXGroup section */

/* Begin PBXNativeTarget section */
		172B2FAB286FCE0D00740CCB /* CatChecker */ = {
			isa = PBXNativeTarget;
			buildConfigurationList = 172B2FBA286FCE0F00740CCB /* Build configuration list for PBXNativeTarget "CatChecker" */;
			buildPhases = (
				172B2FA8286FCE0D00740CCB /* Sources */,
				172B2FA9286FCE0D00740CCB /* Frameworks */,
				172B2FAA286FCE0D00740CCB /* Resources */,
			);
			buildRules = (
			);
			dependencies = (
			);
			name = CatChecker;
			productName = CatChecker;
			productReference = 172B2FAC286FCE0D00740CCB /* CatChecker.app */;
			productType = "com.apple.product-type.application";
		};
		17E31B38292A59CD0053F7D9 /* CatCheckerTests */ = {
			isa = PBXNativeTarget;
			buildConfigurationList = 17E31B3F292A59CD0053F7D9 /* Build configuration list for PBXNativeTarget "CatCheckerTests" */;
			buildPhases = (
				17E31B35292A59CD0053F7D9 /* Sources */,
				17E31B36292A59CD0053F7D9 /* Frameworks */,
				17E31B37292A59CD0053F7D9 /* Resources */,
			);
			buildRules = (
			);
			dependencies = (
				17E31B3E292A59CD0053F7D9 /* PBXTargetDependency */,
			);
			name = CatCheckerTests;
			productName = CatCheckerTests;
			productReference = 17E31B39292A59CD0053F7D9 /* CatCheckerTests.xctest */;
			productType = "com.apple.product-type.bundle.unit-test";
		};
/* End PBXNativeTarget section */

/* Begin PBXProject section */
		172B2FA4286FCE0D00740CCB /* Project object */ = {
			isa = PBXProject;
			attributes = {
				BuildIndependentTargetsInParallel = 1;
				LastSwiftUpdateCheck = 1410;
				LastUpgradeCheck = 1340;
				TargetAttributes = {
					172B2FAB286FCE0D00740CCB = {
						CreatedOnToolsVersion = 13.4.1;
					};
					17E31B38292A59CD0053F7D9 = {
						CreatedOnToolsVersion = 14.1;
						TestTargetID = 172B2FAB286FCE0D00740CCB;
					};
				};
			};
			buildConfigurationList = 172B2FA7286FCE0D00740CCB /* Build configuration list for PBXProject "CatChecker" */;
			compatibilityVersion = "Xcode 13.0";
			developmentRegion = en;
			hasScannedForEncodings = 0;
			knownRegions = (
				en,
				Base,
			);
			mainGroup = 172B2FA3286FCE0D00740CCB;
			productRefGroup = 172B2FAD286FCE0D00740CCB /* Products */;
			projectDirPath = "";
			projectRoot = "";
			targets = (
				172B2FAB286FCE0D00740CCB /* CatChecker */,
				17E31B38292A59CD0053F7D9 /* CatCheckerTests */,
			);
		};
/* End PBXProject section */

/* Begin PBXResourcesBuildPhase section */
		172B2FAA286FCE0D00740CCB /* Resources */ = {
			isa = PBXResourcesBuildPhase;
			buildActionMask = 2147483647;
			files = (
				172B2FB7286FCE0F00740CCB /* Preview Assets.xcassets in Resources */,
				172B2FB4286FCE0F00740CCB /* Assets.xcassets in Resources */,
			);
			runOnlyForDeploymentPostprocessing = 0;
		};
		17E31B37292A59CD0053F7D9 /* Resources */ = {
			isa = PBXResourcesBuildPhase;
			buildActionMask = 2147483647;
			files = (
			);
			runOnlyForDeploymentPostprocessing = 0;
		};
/* End PBXResourcesBuildPhase section */

/* Begin PBXSourcesBuildPhase section */
		172B2FA8286FCE0D00740CCB /* Sources */ = {
			isa = PBXSourcesBuildPhase;
			buildActionMask = 2147483647;
			files = (
				172B2FC72870593500740CCB /* ErrorView.swift in Sources */,
				172B2FC528704D2000740CCB /* BreedFetcher.swift in Sources */,
				17E31B34292A591B0053F7D9 /* APIMockService.swift in Sources */,
				172B2FCF28705CE700740CCB /* DetailsView.swift in Sources */,
				170744552871CBBD0055ADA2 /* APIServiceProtocol.swift in Sources */,
				172B2FB2286FCE0D00740CCB /* ContentView.swift in Sources */,
				172B2FD3287063DB00740CCB /* APIService.swift in Sources */,
				172B2FD5287063E700740CCB /* APIError.swift in Sources */,
				172B2FC228704CF000740CCB /* JSON-Model.swift in Sources */,
				172B2FB0286FCE0D00740CCB /* CatCheckerApp.swift in Sources */,
				172B2FC92870593E00740CCB /* LoadingView.swift in Sources */,
				172B2FCD28705BAF00740CCB /* ButtonTryAgainViewAPI.swift in Sources */,
				172B2FCB2870595D00740CCB /* SuccessView.swift in Sources */,
				172B2FD128705D1300740CCB /* LabelView.swift in Sources */,
			);
			runOnlyForDeploymentPostprocessing = 0;
		};
		17E31B35292A59CD0053F7D9 /* Sources */ = {
			isa = PBXSourcesBuildPhase;
			buildActionMask = 2147483647;
			files = (
				17E31B3C292A59CD0053F7D9 /* CatCheckerTests.swift in Sources */,
			);
			runOnlyForDeploymentPostprocessing = 0;
		};
/* End PBXSourcesBuildPhase section */

/* Begin PBXTargetDependency section */
		17E31B3E292A59CD0053F7D9 /* PBXTargetDependency */ = {
			isa = PBXTargetDependency;
			target = 172B2FAB286FCE0D00740CCB /* CatChecker */;
			targetProxy = 17E31B3D292A59CD0053F7D9 /* PBXContainerItemProxy */;
		};
/* End PBXTargetDependency section */

/* Begin XCBuildConfiguration section */
		172B2FB8286FCE0F00740CCB /* Debug */ = {
			isa = XCBuildConfiguration;
			buildSettings = {
				ALWAYS_SEARCH_USER_PATHS = NO;
				CLANG_ANALYZER_NONNULL = YES;
				CLANG_ANALYZER_NUMBER_OBJECT_CONVERSION = YES_AGGRESSIVE;
				CLANG_CXX_LANGUAGE_STANDARD = "gnu++17";
				CLANG_ENABLE_MODULES = YES;
				CLANG_ENABLE_OBJC_ARC = YES;
				CLANG_ENABLE_OBJC_WEAK = YES;
				CLANG_WARN_BLOCK_CAPTURE_AUTORELEASING = YES;
				CLANG_WARN_BOOL_CONVERSION = YES;
				CLANG_WARN_COMMA = YES;
				CLANG_WARN_CONSTANT_CONVERSION = YES;
				CLANG_WARN_DEPRECATED_OBJC_IMPLEMENTATIONS = YES;
				CLANG_WARN_DIRECT_OBJC_ISA_USAGE = YES_ERROR;
				CLANG_WARN_DOCUMENTATION_COMMENTS = YES;
				CLANG_WARN_EMPTY_BODY = YES;
				CLANG_WARN_ENUM_CONVERSION = YES;
				CLANG_WARN_INFINITE_RECURSION = YES;
				CLANG_WARN_INT_CONVERSION = YES;
				CLANG_WARN_NON_LITERAL_NULL_CONVERSION = YES;
				CLANG_WARN_OBJC_IMPLICIT_RETAIN_SELF = YES;
				CLANG_WARN_OBJC_LITERAL_CONVERSION = YES;
				CLANG_WARN_OBJC_ROOT_CLASS = YES_ERROR;
				CLANG_WARN_QUOTED_INCLUDE_IN_FRAMEWORK_HEADER = YES;
				CLANG_WARN_RANGE_LOOP_ANALYSIS = YES;
				CLANG_WARN_STRICT_PROTOTYPES = YES;
				CLANG_WARN_SUSPICIOUS_MOVE = YES;
				CLANG_WARN_UNGUARDED_AVAILABILITY = YES_AGGRESSIVE;
				CLANG_WARN_UNREACHABLE_CODE = YES;
				CLANG_WARN__DUPLICATE_METHOD_MATCH = YES;
				COPY_PHASE_STRIP = NO;
				DEBUG_INFORMATION_FORMAT = dwarf;
				ENABLE_STRICT_OBJC_MSGSEND = YES;
				ENABLE_TESTABILITY = YES;
				GCC_C_LANGUAGE_STANDARD = gnu11;
				GCC_DYNAMIC_NO_PIC = NO;
				GCC_NO_COMMON_BLOCKS = YES;
				GCC_OPTIMIZATION_LEVEL = 0;
				GCC_PREPROCESSOR_DEFINITIONS = (
					"DEBUG=1",
					"$(inherited)",
				);
				GCC_WARN_64_TO_32_BIT_CONVERSION = YES;
				GCC_WARN_ABOUT_RETURN_TYPE = YES_ERROR;
				GCC_WARN_UNDECLARED_SELECTOR = YES;
				GCC_WARN_UNINITIALIZED_AUTOS = YES_AGGRESSIVE;
				GCC_WARN_UNUSED_FUNCTION = YES;
				GCC_WARN_UNUSED_VARIABLE = YES;
				IPHONEOS_DEPLOYMENT_TARGET = 15.5;
				MTL_ENABLE_DEBUG_INFO = INCLUDE_SOURCE;
				MTL_FAST_MATH = YES;
				ONLY_ACTIVE_ARCH = YES;
				SDKROOT = iphoneos;
				SWIFT_ACTIVE_COMPILATION_CONDITIONS = DEBUG;
				SWIFT_OPTIMIZATION_LEVEL = "-Onone";
			};
			name = Debug;
		};
		172B2FB9286FCE0F00740CCB /* Release */ = {
			isa = XCBuildConfiguration;
			buildSettings = {
				ALWAYS_SEARCH_USER_PATHS = NO;
				CLANG_ANALYZER_NONNULL = YES;
				CLANG_ANALYZER_NUMBER_OBJECT_CONVERSION = YES_AGGRESSIVE;
				CLANG_CXX_LANGUAGE_STANDARD = "gnu++17";
				CLANG_ENABLE_MODULES = YES;
				CLANG_ENABLE_OBJC_ARC = YES;
				CLANG_ENABLE_OBJC_WEAK = YES;
				CLANG_WARN_BLOCK_CAPTURE_AUTORELEASING = YES;
				CLANG_WARN_BOOL_CONVERSION = YES;
				CLANG_WARN_COMMA = YES;
				CLANG_WARN_CONSTANT_CONVERSION = YES;
				CLANG_WARN_DEPRECATED_OBJC_IMPLEMENTATIONS = YES;
				CLANG_WARN_DIRECT_OBJC_ISA_USAGE = YES_ERROR;
				CLANG_WARN_DOCUMENTATION_COMMENTS = YES;
				CLANG_WARN_EMPTY_BODY = YES;
				CLANG_WARN_ENUM_CONVERSION = YES;
				CLANG_WARN_INFINITE_RECURSION = YES;
				CLANG_WARN_INT_CONVERSION = YES;
				CLANG_WARN_NON_LITERAL_NULL_CONVERSION = YES;
				CLANG_WARN_OBJC_IMPLICIT_RETAIN_SELF = YES;
				CLANG_WARN_OBJC_LITERAL_CONVERSION = YES;
				CLANG_WARN_OBJC_ROOT_CLASS = YES_ERROR;
				CLANG_WARN_QUOTED_INCLUDE_IN_FRAMEWORK_HEADER = YES;
				CLANG_WARN_RANGE_LOOP_ANALYSIS = YES;
				CLANG_WARN_STRICT_PROTOTYPES = YES;
				CLANG_WARN_SUSPICIOUS_MOVE = YES;
				CLANG_WARN_UNGUARDED_AVAILABILITY = YES_AGGRESSIVE;
				CLANG_WARN_UNREACHABLE_CODE = YES;
				CLANG_WARN__DUPLICATE_METHOD_MATCH = YES;
				COPY_PHASE_STRIP = NO;
				DEBUG_INFORMATION_FORMAT = "dwarf-with-dsym";
				ENABLE_NS_ASSERTIONS = NO;
				ENABLE_STRICT_OBJC_MSGSEND = YES;
				GCC_C_LANGUAGE_STANDARD = gnu11;
				GCC_NO_COMMON_BLOCKS = YES;
				GCC_WARN_64_TO_32_BIT_CONVERSION = YES;
				GCC_WARN_ABOUT_RETURN_TYPE = YES_ERROR;
				GCC_WARN_UNDECLARED_SELECTOR = YES;
				GCC_WARN_UNINITIALIZED_AUTOS = YES_AGGRESSIVE;
				GCC_WARN_UNUSED_FUNCTION = YES;
				GCC_WARN_UNUSED_VARIABLE = YES;
				IPHONEOS_DEPLOYMENT_TARGET = 15.5;
				MTL_ENABLE_DEBUG_INFO = NO;
				MTL_FAST_MATH = YES;
				SDKROOT = iphoneos;
				SWIFT_COMPILATION_MODE = wholemodule;
				SWIFT_OPTIMIZATION_LEVEL = "-O";
				VALIDATE_PRODUCT = YES;
			};
			name = Release;
		};
		172B2FBB286FCE0F00740CCB /* Debug */ = {
			isa = XCBuildConfiguration;
			buildSettings = {
				ASSETCATALOG_COMPILER_APPICON_NAME = AppIcon;
				ASSETCATALOG_COMPILER_GLOBAL_ACCENT_COLOR_NAME = AccentColor;
				CODE_SIGN_STYLE = Automatic;
				CURRENT_PROJECT_VERSION = 1;
				DEVELOPMENT_ASSET_PATHS = "\"CatChecker/Preview Content\"";
				DEVELOPMENT_TEAM = 8VXC22CHMF;
				ENABLE_PREVIEWS = YES;
				GENERATE_INFOPLIST_FILE = YES;
				INFOPLIST_KEY_UIApplicationSceneManifest_Generation = YES;
				INFOPLIST_KEY_UIApplicationSupportsIndirectInputEvents = YES;
				INFOPLIST_KEY_UILaunchScreen_Generation = YES;
				INFOPLIST_KEY_UISupportedInterfaceOrientations_iPad = "UIInterfaceOrientationPortrait UIInterfaceOrientationPortraitUpsideDown UIInterfaceOrientationLandscapeLeft UIInterfaceOrientationLandscapeRight";
				INFOPLIST_KEY_UISupportedInterfaceOrientations_iPhone = "UIInterfaceOrientationPortrait UIInterfaceOrientationLandscapeLeft UIInterfaceOrientationLandscapeRight";
				LD_RUNPATH_SEARCH_PATHS = (
					"$(inherited)",
					"@executable_path/Frameworks",
				);
				MARKETING_VERSION = 1.0;
				PRODUCT_BUNDLE_IDENTIFIER = Codeable.CatChecker;
				PRODUCT_NAME = "$(TARGET_NAME)";
				SWIFT_EMIT_LOC_STRINGS = YES;
				SWIFT_VERSION = 5.0;
				TARGETED_DEVICE_FAMILY = "1,2";
			};
			name = Debug;
		};
		172B2FBC286FCE0F00740CCB /* Release */ = {
			isa = XCBuildConfiguration;
			buildSettings = {
				ASSETCATALOG_COMPILER_APPICON_NAME = AppIcon;
				ASSETCATALOG_COMPILER_GLOBAL_ACCENT_COLOR_NAME = AccentColor;
				CODE_SIGN_STYLE = Automatic;
				CURRENT_PROJECT_VERSION = 1;
				DEVELOPMENT_ASSET_PATHS = "\"CatChecker/Preview Content\"";
				DEVELOPMENT_TEAM = 8VXC22CHMF;
				ENABLE_PREVIEWS = YES;
				GENERATE_INFOPLIST_FILE = YES;
				INFOPLIST_KEY_UIApplicationSceneManifest_Generation = YES;
				INFOPLIST_KEY_UIApplicationSupportsIndirectInputEvents = YES;
				INFOPLIST_KEY_UILaunchScreen_Generation = YES;
				INFOPLIST_KEY_UISupportedInterfaceOrientations_iPad = "UIInterfaceOrientationPortrait UIInterfaceOrientationPortraitUpsideDown UIInterfaceOrientationLandscapeLeft UIInterfaceOrientationLandscapeRight";
				INFOPLIST_KEY_UISupportedInterfaceOrientations_iPhone = "UIInterfaceOrientationPortrait UIInterfaceOrientationLandscapeLeft UIInterfaceOrientationLandscapeRight";
				LD_RUNPATH_SEARCH_PATHS = (
					"$(inherited)",
					"@executable_path/Frameworks",
				);
				MARKETING_VERSION = 1.0;
				PRODUCT_BUNDLE_IDENTIFIER = Codeable.CatChecker;
				PRODUCT_NAME = "$(TARGET_NAME)";
				SWIFT_EMIT_LOC_STRINGS = YES;
				SWIFT_VERSION = 5.0;
				TARGETED_DEVICE_FAMILY = "1,2";
			};
			name = Release;
		};
		17E31B40292A59CD0053F7D9 /* Debug */ = {
			isa = XCBuildConfiguration;
			buildSettings = {
				BUNDLE_LOADER = "$(TEST_HOST)";
				CLANG_CXX_LANGUAGE_STANDARD = "gnu++20";
				CODE_SIGN_STYLE = Automatic;
				CURRENT_PROJECT_VERSION = 1;
				DEVELOPMENT_TEAM = 8VXC22CHMF;
				GENERATE_INFOPLIST_FILE = YES;
				IPHONEOS_DEPLOYMENT_TARGET = 16.1;
				MARKETING_VERSION = 1.0;
				PRODUCT_BUNDLE_IDENTIFIER = Codeable.CatCheckerTests;
				PRODUCT_NAME = "$(TARGET_NAME)";
				SWIFT_EMIT_LOC_STRINGS = NO;
				SWIFT_VERSION = 5.0;
				TARGETED_DEVICE_FAMILY = "1,2";
				TEST_HOST = "$(BUILT_PRODUCTS_DIR)/CatChecker.app/$(BUNDLE_EXECUTABLE_FOLDER_PATH)/CatChecker";
			};
			name = Debug;
		};
		17E31B41292A59CD0053F7D9 /* Release */ = {
			isa = XCBuildConfiguration;
			buildSettings = {
				BUNDLE_LOADER = "$(TEST_HOST)";
				CLANG_CXX_LANGUAGE_STANDARD = "gnu++20";
				CODE_SIGN_STYLE = Automatic;
				CURRENT_PROJECT_VERSION = 1;
				DEVELOPMENT_TEAM = 8VXC22CHMF;
				GENERATE_INFOPLIST_FILE = YES;
				IPHONEOS_DEPLOYMENT_TARGET = 16.1;
				MARKETING_VERSION = 1.0;
				PRODUCT_BUNDLE_IDENTIFIER = Codeable.CatCheckerTests;
				PRODUCT_NAME = "$(TARGET_NAME)";
				SWIFT_EMIT_LOC_STRINGS = NO;
				SWIFT_VERSION = 5.0;
				TARGETED_DEVICE_FAMILY = "1,2";
				TEST_HOST = "$(BUILT_PRODUCTS_DIR)/CatChecker.app/$(BUNDLE_EXECUTABLE_FOLDER_PATH)/CatChecker";
			};
			name = Release;
		};
/* End XCBuildConfiguration section */

/* Begin XCConfigurationList section */
		172B2FA7286FCE0D00740CCB /* Build configuration list for PBXProject "CatChecker" */ = {
			isa = XCConfigurationList;
			buildConfigurations = (
				172B2FB8286FCE0F00740CCB /* Debug */,
				172B2FB9286FCE0F00740CCB /* Release */,
			);
			defaultConfigurationIsVisible = 0;
			defaultConfigurationName = Release;
		};
		172B2FBA286FCE0F00740CCB /* Build configuration list for PBXNativeTarget "CatChecker" */ = {
			isa = XCConfigurationList;
			buildConfigurations = (
				172B2FBB286FCE0F00740CCB /* Debug */,
				172B2FBC286FCE0F00740CCB /* Release */,
			);
			defaultConfigurationIsVisible = 0;
			defaultConfigurationName = Release;
		};
		17E31B3F292A59CD0053F7D9 /* Build configuration list for PBXNativeTarget "CatCheckerTests" */ = {
			isa = XCConfigurationList;
			buildConfigurations = (
				17E31B40292A59CD0053F7D9 /* Debug */,
				17E31B41292A59CD0053F7D9 /* Release */,
			);
			defaultConfigurationIsVisible = 0;
			defaultConfigurationName = Release;
		};
/* End XCConfigurationList section */
	};
	rootObject = 172B2FA4286FCE0D00740CCB /* Project object */;
}
